
Microsoft Visual Studio Solution File, Format Version 12.00
# Visual Studio Version 17
VisualStudioVersion = 17.9.34728.123
MinimumVisualStudioVersion = 10.0.40219.1
Project("{FAE04EC0-301F-11D3-BF4B-00C04F79EFBC}") = "ExceptionHandling", "ExceptionHandling\ExceptionHandling.csproj", "{2AB95F80-6059-4A02-8DBC-FAF74993A10E}"
EndProject
Global
	GlobalSection(SolutionConfigurationPlatforms) = preSolution
		Debug|Any CPU = Debug|Any CPU
		Release|Any CPU = Release|Any CPU
	EndGlobalSection
	GlobalSection(ProjectConfigurationPlatforms) = postSolution
		{2AB95F80-6059-4A02-8DBC-FAF74993A10E}.Debug|Any CPU.ActiveCfg = Debug|Any CPU
		{2AB95F80-6059-4A02-8DBC-FAF74993A10E}.Debug|Any CPU.Build.0 = Debug|Any CPU
		{2AB95F80-6059-4A02-8DBC-FAF74993A10E}.Release|Any CPU.ActiveCfg = Release|Any CPU
		{2AB95F80-6059-4A02-8DBC-FAF74993A10E}.Release|Any CPU.Build.0 = Release|Any CPU
	EndGlobalSection
	GlobalSection(SolutionProperties) = preSolution
		HideSolutionNode = FALSE
	EndGlobalSection
	GlobalSection(ExtensibilityGlobals) = postSolution
		SolutionGuid = {DD1E038B-ABC9-424A-9243-B365F698BE2F}
	EndGlobalSection
EndGlobal
