
Microsoft Visual Studio Solution File, Format Version 12.00
# Visual Studio Version 17
VisualStudioVersion = 17.9.34728.123
MinimumVisualStudioVersion = 10.0.40219.1
Project("{FAE04EC0-301F-11D3-BF4B-00C04F79EFBC}") = "OOPJava_TX2_2", "OOPJava_TX2_2\OOPJava_TX2_2.csproj", "{7A0139F5-9B8F-4F25-9E0D-33F26FD6DEA2}"
EndProject
Global
	GlobalSection(SolutionConfigurationPlatforms) = preSolution
		Debug|Any CPU = Debug|Any CPU
		Release|Any CPU = Release|Any CPU
	EndGlobalSection
	GlobalSection(ProjectConfigurationPlatforms) = postSolution
		{7A0139F5-9B8F-4F25-9E0D-33F26FD6DEA2}.Debug|Any CPU.ActiveCfg = Debug|Any CPU
		{7A0139F5-9B8F-4F25-9E0D-33F26FD6DEA2}.Debug|Any CPU.Build.0 = Debug|Any CPU
		{7A0139F5-9B8F-4F25-9E0D-33F26FD6DEA2}.Release|Any CPU.ActiveCfg = Release|Any CPU
		{7A0139F5-9B8F-4F25-9E0D-33F26FD6DEA2}.Release|Any CPU.Build.0 = Release|Any CPU
	EndGlobalSection
	GlobalSection(SolutionProperties) = preSolution
		HideSolutionNode = FALSE
	EndGlobalSection
	GlobalSection(ExtensibilityGlobals) = postSolution
		SolutionGuid = {2EE3C541-E27F-4504-8C62-D3B4D7378319}
	EndGlobalSection
EndGlobal
