
Microsoft Visual Studio Solution File, Format Version 12.00
# Visual Studio Version 17
VisualStudioVersion = 17.9.34728.123
MinimumVisualStudioVersion = 10.0.40219.1
Project("{FAE04EC0-301F-11D3-BF4B-00C04F79EFBC}") = "BasicAlgorithm", "BasicAlgorithm\BasicAlgorithm.csproj", "{3B909500-A2D5-406D-A0A6-48A6EC1F1FE0}"
EndProject
Global
	GlobalSection(SolutionConfigurationPlatforms) = preSolution
		Debug|Any CPU = Debug|Any CPU
		Release|Any CPU = Release|Any CPU
	EndGlobalSection
	GlobalSection(ProjectConfigurationPlatforms) = postSolution
		{3B909500-A2D5-406D-A0A6-48A6EC1F1FE0}.Debug|Any CPU.ActiveCfg = Debug|Any CPU
		{3B909500-A2D5-406D-A0A6-48A6EC1F1FE0}.Debug|Any CPU.Build.0 = Debug|Any CPU
		{3B909500-A2D5-406D-A0A6-48A6EC1F1FE0}.Release|Any CPU.ActiveCfg = Release|Any CPU
		{3B909500-A2D5-406D-A0A6-48A6EC1F1FE0}.Release|Any CPU.Build.0 = Release|Any CPU
	EndGlobalSection
	GlobalSection(SolutionProperties) = preSolution
		HideSolutionNode = FALSE
	EndGlobalSection
	GlobalSection(ExtensibilityGlobals) = postSolution
		SolutionGuid = {3C034216-CDE1-4FC5-8FF5-D3C3BD8D423A}
	EndGlobalSection
EndGlobal
